
Microsoft Visual Studio Solution File, Format Version 12.00
# Visual Studio Version 17
VisualStudioVersion = 17.9.34902.65
MinimumVisualStudioVersion = 10.0.40219.1
Project("{FAE04EC0-301F-11D3-BF4B-00C04F79EFBC}") = "second-exam-2w2-practice", "second-exam-2w2-practice.csproj", "{7ED864D3-525F-4A19-9551-94426531E2D2}"
EndProject
Global
	GlobalSection(SolutionConfigurationPlatforms) = preSolution
		Debug|Any CPU = Debug|Any CPU
		Release|Any CPU = Release|Any CPU
	EndGlobalSection
	GlobalSection(ProjectConfigurationPlatforms) = postSolution
		{7ED864D3-525F-4A19-9551-94426531E2D2}.Debug|Any CPU.ActiveCfg = Debug|Any CPU
		{7ED864D3-525F-4A19-9551-94426531E2D2}.Debug|Any CPU.Build.0 = Debug|Any CPU
		{7ED864D3-525F-4A19-9551-94426531E2D2}.Release|Any CPU.ActiveCfg = Release|Any CPU
		{7ED864D3-525F-4A19-9551-94426531E2D2}.Release|Any CPU.Build.0 = Release|Any CPU
	EndGlobalSection
	GlobalSection(SolutionProperties) = preSolution
		HideSolutionNode = FALSE
	EndGlobalSection
	GlobalSection(ExtensibilityGlobals) = postSolution
		SolutionGuid = {370495A8-AC96-4DB6-BE7B-E35EBB8CEAB6}
	EndGlobalSection
EndGlobal
